
Microsoft Visual Studio Solution File, Format Version 12.00
# Visual Studio 15
VisualStudioVersion = 15.0.28307.271
MinimumVisualStudioVersion = 10.0.40219.1
Project("{FAE04EC0-301F-11D3-BF4B-00C04F79EFBC}") = "WS980Test", "WS980Test\WS980Test.csproj", "{15656AEC-6804-4B8C-A3F7-C567D7F953C7}"
EndProject
Project("{FAE04EC0-301F-11D3-BF4B-00C04F79EFBC}") = "WS980", "WS980\WS980.csproj", "{D259165C-A91C-47AE-A564-FF2BEBCB0EB9}"
EndProject
Global
	GlobalSection(SolutionConfigurationPlatforms) = preSolution
		Debug|Any CPU = Debug|Any CPU
		Release|Any CPU = Release|Any CPU
	EndGlobalSection
	GlobalSection(ProjectConfigurationPlatforms) = postSolution
		{15656AEC-6804-4B8C-A3F7-C567D7F953C7}.Debug|Any CPU.ActiveCfg = Debug|Any CPU
		{15656AEC-6804-4B8C-A3F7-C567D7F953C7}.Debug|Any CPU.Build.0 = Debug|Any CPU
		{15656AEC-6804-4B8C-A3F7-C567D7F953C7}.Release|Any CPU.ActiveCfg = Release|Any CPU
		{15656AEC-6804-4B8C-A3F7-C567D7F953C7}.Release|Any CPU.Build.0 = Release|Any CPU
		{D259165C-A91C-47AE-A564-FF2BEBCB0EB9}.Debug|Any CPU.ActiveCfg = Debug|Any CPU
		{D259165C-A91C-47AE-A564-FF2BEBCB0EB9}.Debug|Any CPU.Build.0 = Debug|Any CPU
		{D259165C-A91C-47AE-A564-FF2BEBCB0EB9}.Release|Any CPU.ActiveCfg = Release|Any CPU
		{D259165C-A91C-47AE-A564-FF2BEBCB0EB9}.Release|Any CPU.Build.0 = Release|Any CPU
	EndGlobalSection
	GlobalSection(SolutionProperties) = preSolution
		HideSolutionNode = FALSE
	EndGlobalSection
	GlobalSection(ExtensibilityGlobals) = postSolution
		SolutionGuid = {E8BFF932-7C35-4F21-80AB-69D43FC9B285}
	EndGlobalSection
EndGlobal
